
Microsoft Visual Studio Solution File, Format Version 12.00
# Visual Studio Version 16
VisualStudioVersion = 16.0.28729.10
MinimumVisualStudioVersion = 10.0.40219.1
Project("{FAE04EC0-301F-11D3-BF4B-00C04F79EFBC}") = "ADproject", "ADproject\ADproject.csproj", "{0D5E41D7-90CC-4E47-8D86-698620299CB4}"
EndProject
Global
	GlobalSection(SolutionConfigurationPlatforms) = preSolution
		Debug|Any CPU = Debug|Any CPU
		Release|Any CPU = Release|Any CPU
	EndGlobalSection
	GlobalSection(ProjectConfigurationPlatforms) = postSolution
		{0D5E41D7-90CC-4E47-8D86-698620299CB4}.Debug|Any CPU.ActiveCfg = Debug|Any CPU
		{0D5E41D7-90CC-4E47-8D86-698620299CB4}.Debug|Any CPU.Build.0 = Debug|Any CPU
		{0D5E41D7-90CC-4E47-8D86-698620299CB4}.Release|Any CPU.ActiveCfg = Release|Any CPU
		{0D5E41D7-90CC-4E47-8D86-698620299CB4}.Release|Any CPU.Build.0 = Release|Any CPU
	EndGlobalSection
	GlobalSection(SolutionProperties) = preSolution
		HideSolutionNode = FALSE
	EndGlobalSection
	GlobalSection(ExtensibilityGlobals) = postSolution
		SolutionGuid = {B27A8EF4-6F62-4D54-9E11-42CDAC15D565}
	EndGlobalSection
EndGlobal
